
Microsoft Visual Studio Solution File, Format Version 12.00
# Visual Studio Version 16
VisualStudioVersion = 16.0.34301.259
MinimumVisualStudioVersion = 10.0.40219.1
Project("{2150E333-8FDC-42A3-9474-1A3956D46DE8}") = "Games", "Games", "{598C1738-5A6D-4FE5-AEA5-15C4A2959161}"
EndProject
Project("{2150E333-8FDC-42A3-9474-1A3956D46DE8}") = "Snake", "Snake", "{69101E9E-0055-4ABD-AACB-343FC94BD98B}"
EndProject
Project("{8BC9CEB8-8B4A-11D0-8D11-00A0C91BC942}") = "GameClient", "Games\Snake\GameClient\GameClient.vcxproj", "{94FCF8B8-6E08-49A2-9974-8A2FD4461007}"
EndProject
Project("{8BC9CEB8-8B4A-11D0-8D11-00A0C91BC942}") = "GameServer", "Games\Snake\GameServer\GameServer.vcxproj", "{2EA6312D-6930-4772-B92A-51FE174E977F}"
EndProject
Global
	GlobalSection(SolutionConfigurationPlatforms) = preSolution
		Debug|x64 = Debug|x64
		Debug|x86 = Debug|x86
		Release|x64 = Release|x64
		Release|x86 = Release|x86
	EndGlobalSection
	GlobalSection(ProjectConfigurationPlatforms) = postSolution
		{94FCF8B8-6E08-49A2-9974-8A2FD4461007}.Debug|x64.ActiveCfg = Debug|x64
		{94FCF8B8-6E08-49A2-9974-8A2FD4461007}.Debug|x64.Build.0 = Debug|x64
		{94FCF8B8-6E08-49A2-9974-8A2FD4461007}.Debug|x86.ActiveCfg = Debug|Win32
		{94FCF8B8-6E08-49A2-9974-8A2FD4461007}.Debug|x86.Build.0 = Debug|Win32
		{94FCF8B8-6E08-49A2-9974-8A2FD4461007}.Release|x64.ActiveCfg = Release|x64
		{94FCF8B8-6E08-49A2-9974-8A2FD4461007}.Release|x64.Build.0 = Release|x64
		{94FCF8B8-6E08-49A2-9974-8A2FD4461007}.Release|x86.ActiveCfg = Release|Win32
		{94FCF8B8-6E08-49A2-9974-8A2FD4461007}.Release|x86.Build.0 = Release|Win32
		{2EA6312D-6930-4772-B92A-51FE174E977F}.Debug|x64.ActiveCfg = Debug|x64
		{2EA6312D-6930-4772-B92A-51FE174E977F}.Debug|x64.Build.0 = Debug|x64
		{2EA6312D-6930-4772-B92A-51FE174E977F}.Debug|x86.ActiveCfg = Debug|Win32
		{2EA6312D-6930-4772-B92A-51FE174E977F}.Debug|x86.Build.0 = Debug|Win32
		{2EA6312D-6930-4772-B92A-51FE174E977F}.Release|x64.ActiveCfg = Release|x64
		{2EA6312D-6930-4772-B92A-51FE174E977F}.Release|x64.Build.0 = Release|x64
		{2EA6312D-6930-4772-B92A-51FE174E977F}.Release|x86.ActiveCfg = Release|Win32
		{2EA6312D-6930-4772-B92A-51FE174E977F}.Release|x86.Build.0 = Release|Win32
	EndGlobalSection
	GlobalSection(SolutionProperties) = preSolution
		HideSolutionNode = FALSE
	EndGlobalSection
	GlobalSection(NestedProjects) = preSolution
		{69101E9E-0055-4ABD-AACB-343FC94BD98B} = {598C1738-5A6D-4FE5-AEA5-15C4A2959161}
		{94FCF8B8-6E08-49A2-9974-8A2FD4461007} = {69101E9E-0055-4ABD-AACB-343FC94BD98B}
		{2EA6312D-6930-4772-B92A-51FE174E977F} = {69101E9E-0055-4ABD-AACB-343FC94BD98B}
	EndGlobalSection
	GlobalSection(ExtensibilityGlobals) = postSolution
		SolutionGuid = {CA50F082-A8BC-47AA-B5A3-3CB3266F8BC6}
	EndGlobalSection
EndGlobal
